
Microsoft Visual Studio Solution File, Format Version 12.00
# Visual Studio Version 17
VisualStudioVersion = 17.1.32407.343
MinimumVisualStudioVersion = 10.0.40219.1
Project("{FAE04EC0-301F-11D3-BF4B-00C04F79EFBC}") = "Xlab", "Xlab.csproj", "{220F8B3E-C5D3-40FA-99FC-4A2E26BD6295}"
EndProject
Project("{FAE04EC0-301F-11D3-BF4B-00C04F79EFBC}") = "DAL", "..\DAL\DAL.csproj", "{6A8268A4-A971-48F6-988F-27B8A2E8D5B5}"
EndProject
Project("{FAE04EC0-301F-11D3-BF4B-00C04F79EFBC}") = "BL", "..\BL\BL.csproj", "{CD54F972-0629-4C0E-BAC4-ECE29D968BE6}"
EndProject
Global
	GlobalSection(SolutionConfigurationPlatforms) = preSolution
		Debug|Any CPU = Debug|Any CPU
		Release|Any CPU = Release|Any CPU
	EndGlobalSection
	GlobalSection(ProjectConfigurationPlatforms) = postSolution
		{220F8B3E-C5D3-40FA-99FC-4A2E26BD6295}.Debug|Any CPU.ActiveCfg = Debug|Any CPU
		{220F8B3E-C5D3-40FA-99FC-4A2E26BD6295}.Debug|Any CPU.Build.0 = Debug|Any CPU
		{220F8B3E-C5D3-40FA-99FC-4A2E26BD6295}.Release|Any CPU.ActiveCfg = Release|Any CPU
		{220F8B3E-C5D3-40FA-99FC-4A2E26BD6295}.Release|Any CPU.Build.0 = Release|Any CPU
		{6A8268A4-A971-48F6-988F-27B8A2E8D5B5}.Debug|Any CPU.ActiveCfg = Debug|Any CPU
		{6A8268A4-A971-48F6-988F-27B8A2E8D5B5}.Debug|Any CPU.Build.0 = Debug|Any CPU
		{6A8268A4-A971-48F6-988F-27B8A2E8D5B5}.Release|Any CPU.ActiveCfg = Release|Any CPU
		{6A8268A4-A971-48F6-988F-27B8A2E8D5B5}.Release|Any CPU.Build.0 = Release|Any CPU
		{CD54F972-0629-4C0E-BAC4-ECE29D968BE6}.Debug|Any CPU.ActiveCfg = Debug|Any CPU
		{CD54F972-0629-4C0E-BAC4-ECE29D968BE6}.Debug|Any CPU.Build.0 = Debug|Any CPU
		{CD54F972-0629-4C0E-BAC4-ECE29D968BE6}.Release|Any CPU.ActiveCfg = Release|Any CPU
		{CD54F972-0629-4C0E-BAC4-ECE29D968BE6}.Release|Any CPU.Build.0 = Release|Any CPU
	EndGlobalSection
	GlobalSection(SolutionProperties) = preSolution
		HideSolutionNode = FALSE
	EndGlobalSection
	GlobalSection(ExtensibilityGlobals) = postSolution
		SolutionGuid = {B514B5B0-9E79-4346-80D4-1B34ED57ACA7}
	EndGlobalSection
EndGlobal
